
Microsoft Visual Studio Solution File, Format Version 12.00
# Visual Studio Version 17
VisualStudioVersion = 17.0.32014.148
MinimumVisualStudioVersion = 10.0.40219.1
Project("{9A19103F-16F7-4668-BE54-9A1E7A4F7556}") = "SportsStore", "SportsStore\SportsStore.csproj", "{B8671C94-257E-40FA-B116-1A4B63D597A7}"
EndProject
Project("{9A19103F-16F7-4668-BE54-9A1E7A4F7556}") = "SportsStore.Tests", "SportsStore.Tests\SportsStore.Tests.csproj", "{E299B4BF-F96A-4D47-9D3D-3C9A6AB808D0}"
EndProject
Global
	GlobalSection(SolutionConfigurationPlatforms) = preSolution
		Debug|Any CPU = Debug|Any CPU
		Release|Any CPU = Release|Any CPU
	EndGlobalSection
	GlobalSection(ProjectConfigurationPlatforms) = postSolution
		{B8671C94-257E-40FA-B116-1A4B63D597A7}.Debug|Any CPU.ActiveCfg = Debug|Any CPU
		{B8671C94-257E-40FA-B116-1A4B63D597A7}.Debug|Any CPU.Build.0 = Debug|Any CPU
		{B8671C94-257E-40FA-B116-1A4B63D597A7}.Release|Any CPU.ActiveCfg = Release|Any CPU
		{B8671C94-257E-40FA-B116-1A4B63D597A7}.Release|Any CPU.Build.0 = Release|Any CPU
		{E299B4BF-F96A-4D47-9D3D-3C9A6AB808D0}.Debug|Any CPU.ActiveCfg = Debug|Any CPU
		{E299B4BF-F96A-4D47-9D3D-3C9A6AB808D0}.Debug|Any CPU.Build.0 = Debug|Any CPU
		{E299B4BF-F96A-4D47-9D3D-3C9A6AB808D0}.Release|Any CPU.ActiveCfg = Release|Any CPU
		{E299B4BF-F96A-4D47-9D3D-3C9A6AB808D0}.Release|Any CPU.Build.0 = Release|Any CPU
	EndGlobalSection
	GlobalSection(SolutionProperties) = preSolution
		HideSolutionNode = FALSE
	EndGlobalSection
	GlobalSection(ExtensibilityGlobals) = postSolution
		SolutionGuid = {3EDF1250-9D13-431D-8C8F-FB88D682D136}
	EndGlobalSection
EndGlobal
